{
  "requires": true,
  "lockfileVersion": 1,
  "dependencies": {
    "@ng-bootstrap/ng-bootstrap": {
      "version": "4.1.1",
      "resolved": "https://registry.npmjs.org/@ng-bootstrap/ng-bootstrap/-/ng-bootstrap-4.1.1.tgz",
      "integrity": "sha512-OgbmPVhbDdNpIwogEXsycUJG0caNtb2+wCABfLUClgi9YcfNXhZ9Phu2GQq7Pk/LO66okth6s77RBQnbTJuysg==",
      "requires": {
        "tslib": "^1.9.0"
      }
    },
    "angular-bootstrap-md": {
      "version": "7.4.4",
      "resolved": "https://registry.npmjs.org/angular-bootstrap-md/-/angular-bootstrap-md-7.4.4.tgz",
      "integrity": "sha512-M3fhyPHbWcY5E8xxj5rQsInGu9I1NwVk2luRAdAckVMkoZtvLMtEj5xOr6wQ4mGNFf8JXIw+Py7zH5/ic4Ex9w==",
      "requires": {
        "tslib": "^1.9.0"
      }
    },
    "ionic-context-menu": {
      "version": "1.0.2",
      "resolved": "https://registry.npmjs.org/ionic-context-menu/-/ionic-context-menu-1.0.2.tgz",
      "integrity": "sha512-7tYP8hwElwmPk4fHZpIbqDCRA0s8piDDmlbzUbpYGfZVKzaGczo9WKNXYR+0MWKV87vCXMOaT328QIk7Iq7Ivg=="
    },
    "tslib": {
      "version": "1.9.3",
      "resolved": "https://registry.npmjs.org/tslib/-/tslib-1.9.3.tgz",
      "integrity": "sha512-4krF8scpejhaOgqzBEcGM7yDIEfi0/8+8zDRZhNZZ2kjmHJ4hv3zCbQWxoJGz1iw5U0Jl0nma13xzHXcncMavQ=="
    }
  }
}
